
Microsoft Visual Studio Solution File, Format Version 12.00
# Visual Studio Version 17
VisualStudioVersion = 17.9.34728.123
MinimumVisualStudioVersion = 10.0.40219.1
Project("{FAE04EC0-301F-11D3-BF4B-00C04F79EFBC}") = "SistemaEstacionamento", "SistemaEstacionamento.csproj", "{5AEDD1B9-11CB-4895-B9BB-71417E0DDF6D}"
EndProject
Global
	GlobalSection(SolutionConfigurationPlatforms) = preSolution
		Debug|Any CPU = Debug|Any CPU
		Release|Any CPU = Release|Any CPU
	EndGlobalSection
	GlobalSection(ProjectConfigurationPlatforms) = postSolution
		{5AEDD1B9-11CB-4895-B9BB-71417E0DDF6D}.Debug|Any CPU.ActiveCfg = Debug|Any CPU
		{5AEDD1B9-11CB-4895-B9BB-71417E0DDF6D}.Debug|Any CPU.Build.0 = Debug|Any CPU
		{5AEDD1B9-11CB-4895-B9BB-71417E0DDF6D}.Release|Any CPU.ActiveCfg = Release|Any CPU
		{5AEDD1B9-11CB-4895-B9BB-71417E0DDF6D}.Release|Any CPU.Build.0 = Release|Any CPU
	EndGlobalSection
	GlobalSection(SolutionProperties) = preSolution
		HideSolutionNode = FALSE
	EndGlobalSection
	GlobalSection(ExtensibilityGlobals) = postSolution
		SolutionGuid = {E768A0ED-8A37-4818-A11E-935B89F6E513}
	EndGlobalSection
EndGlobal
